
Microsoft Visual Studio Solution File, Format Version 12.00
# Visual Studio Version 17
VisualStudioVersion = 17.4.33205.214
MinimumVisualStudioVersion = 10.0.40219.1
Project("{FAE04EC0-301F-11D3-BF4B-00C04F79EFBC}") = "test_app2", "test_app2\test_app2.csproj", "{FE88AC26-733D-4F01-B464-E0D4C9A26A06}"
EndProject
Global
	GlobalSection(SolutionConfigurationPlatforms) = preSolution
		Debug|Any CPU = Debug|Any CPU
		Release|Any CPU = Release|Any CPU
	EndGlobalSection
	GlobalSection(ProjectConfigurationPlatforms) = postSolution
		{FE88AC26-733D-4F01-B464-E0D4C9A26A06}.Debug|Any CPU.ActiveCfg = Debug|Any CPU
		{FE88AC26-733D-4F01-B464-E0D4C9A26A06}.Debug|Any CPU.Build.0 = Debug|Any CPU
		{FE88AC26-733D-4F01-B464-E0D4C9A26A06}.Release|Any CPU.ActiveCfg = Release|Any CPU
		{FE88AC26-733D-4F01-B464-E0D4C9A26A06}.Release|Any CPU.Build.0 = Release|Any CPU
	EndGlobalSection
	GlobalSection(SolutionProperties) = preSolution
		HideSolutionNode = FALSE
	EndGlobalSection
	GlobalSection(ExtensibilityGlobals) = postSolution
		SolutionGuid = {C80EF681-F6C2-4A4E-ABA1-7BE5DD9C4727}
	EndGlobalSection
EndGlobal
